
Microsoft Visual Studio Solution File, Format Version 12.00
# Visual Studio 15
VisualStudioVersion = 15.0.28307.168
MinimumVisualStudioVersion = 10.0.40219.1
Project("{FAE04EC0-301F-11D3-BF4B-00C04F79EFBC}") = "BikercityApp.Android", "BikercityApp\BikercityApp.Android\BikercityApp.Android.csproj", "{24CE3C36-16B9-426D-AA0C-5961ECF8D88C}"
EndProject
Project("{FAE04EC0-301F-11D3-BF4B-00C04F79EFBC}") = "BikercityApp.iOS", "BikercityApp\BikercityApp.iOS\BikercityApp.iOS.csproj", "{868B934F-243A-4B5C-A730-B0B6F883EF99}"
EndProject
Project("{FAE04EC0-301F-11D3-BF4B-00C04F79EFBC}") = "BikercityApp", "BikercityApp\BikercityApp\BikercityApp.csproj", "{E8A80126-8FE4-4865-A9EB-33FC807A104E}"
EndProject
Global
	GlobalSection(SolutionConfigurationPlatforms) = preSolution
		Debug|Any CPU = Debug|Any CPU
		Debug|iPhone = Debug|iPhone
		Debug|iPhoneSimulator = Debug|iPhoneSimulator
		Release|Any CPU = Release|Any CPU
		Release|iPhone = Release|iPhone
		Release|iPhoneSimulator = Release|iPhoneSimulator
	EndGlobalSection
	GlobalSection(ProjectConfigurationPlatforms) = postSolution
		{24CE3C36-16B9-426D-AA0C-5961ECF8D88C}.Debug|Any CPU.ActiveCfg = Debug|Any CPU
		{24CE3C36-16B9-426D-AA0C-5961ECF8D88C}.Debug|Any CPU.Build.0 = Debug|Any CPU
		{24CE3C36-16B9-426D-AA0C-5961ECF8D88C}.Debug|Any CPU.Deploy.0 = Debug|Any CPU
		{24CE3C36-16B9-426D-AA0C-5961ECF8D88C}.Debug|iPhone.ActiveCfg = Debug|Any CPU
		{24CE3C36-16B9-426D-AA0C-5961ECF8D88C}.Debug|iPhone.Build.0 = Debug|Any CPU
		{24CE3C36-16B9-426D-AA0C-5961ECF8D88C}.Debug|iPhone.Deploy.0 = Debug|Any CPU
		{24CE3C36-16B9-426D-AA0C-5961ECF8D88C}.Debug|iPhoneSimulator.ActiveCfg = Debug|Any CPU
		{24CE3C36-16B9-426D-AA0C-5961ECF8D88C}.Debug|iPhoneSimulator.Build.0 = Debug|Any CPU
		{24CE3C36-16B9-426D-AA0C-5961ECF8D88C}.Debug|iPhoneSimulator.Deploy.0 = Debug|Any CPU
		{24CE3C36-16B9-426D-AA0C-5961ECF8D88C}.Release|Any CPU.ActiveCfg = Release|Any CPU
		{24CE3C36-16B9-426D-AA0C-5961ECF8D88C}.Release|Any CPU.Build.0 = Release|Any CPU
		{24CE3C36-16B9-426D-AA0C-5961ECF8D88C}.Release|Any CPU.Deploy.0 = Release|Any CPU
		{24CE3C36-16B9-426D-AA0C-5961ECF8D88C}.Release|iPhone.ActiveCfg = Release|Any CPU
		{24CE3C36-16B9-426D-AA0C-5961ECF8D88C}.Release|iPhone.Build.0 = Release|Any CPU
		{24CE3C36-16B9-426D-AA0C-5961ECF8D88C}.Release|iPhone.Deploy.0 = Release|Any CPU
		{24CE3C36-16B9-426D-AA0C-5961ECF8D88C}.Release|iPhoneSimulator.ActiveCfg = Release|Any CPU
		{24CE3C36-16B9-426D-AA0C-5961ECF8D88C}.Release|iPhoneSimulator.Build.0 = Release|Any CPU
		{24CE3C36-16B9-426D-AA0C-5961ECF8D88C}.Release|iPhoneSimulator.Deploy.0 = Release|Any CPU
		{868B934F-243A-4B5C-A730-B0B6F883EF99}.Debug|Any CPU.ActiveCfg = Debug|iPhoneSimulator
		{868B934F-243A-4B5C-A730-B0B6F883EF99}.Debug|Any CPU.Build.0 = Debug|iPhoneSimulator
		{868B934F-243A-4B5C-A730-B0B6F883EF99}.Debug|Any CPU.Deploy.0 = Debug|iPhoneSimulator
		{868B934F-243A-4B5C-A730-B0B6F883EF99}.Debug|iPhone.ActiveCfg = Debug|iPhone
		{868B934F-243A-4B5C-A730-B0B6F883EF99}.Debug|iPhone.Build.0 = Debug|iPhone
		{868B934F-243A-4B5C-A730-B0B6F883EF99}.Debug|iPhone.Deploy.0 = Debug|iPhone
		{868B934F-243A-4B5C-A730-B0B6F883EF99}.Debug|iPhoneSimulator.ActiveCfg = Debug|iPhoneSimulator
		{868B934F-243A-4B5C-A730-B0B6F883EF99}.Debug|iPhoneSimulator.Build.0 = Debug|iPhoneSimulator
		{868B934F-243A-4B5C-A730-B0B6F883EF99}.Debug|iPhoneSimulator.Deploy.0 = Debug|iPhoneSimulator
		{868B934F-243A-4B5C-A730-B0B6F883EF99}.Release|Any CPU.ActiveCfg = Release|iPhone
		{868B934F-243A-4B5C-A730-B0B6F883EF99}.Release|Any CPU.Build.0 = Release|iPhone
		{868B934F-243A-4B5C-A730-B0B6F883EF99}.Release|Any CPU.Deploy.0 = Release|iPhone
		{868B934F-243A-4B5C-A730-B0B6F883EF99}.Release|iPhone.ActiveCfg = Release|iPhone
		{868B934F-243A-4B5C-A730-B0B6F883EF99}.Release|iPhone.Build.0 = Release|iPhone
		{868B934F-243A-4B5C-A730-B0B6F883EF99}.Release|iPhone.Deploy.0 = Release|iPhone
		{868B934F-243A-4B5C-A730-B0B6F883EF99}.Release|iPhoneSimulator.ActiveCfg = Release|iPhoneSimulator
		{868B934F-243A-4B5C-A730-B0B6F883EF99}.Release|iPhoneSimulator.Build.0 = Release|iPhoneSimulator
		{868B934F-243A-4B5C-A730-B0B6F883EF99}.Release|iPhoneSimulator.Deploy.0 = Release|iPhoneSimulator
		{E8A80126-8FE4-4865-A9EB-33FC807A104E}.Debug|Any CPU.ActiveCfg = Debug|Any CPU
		{E8A80126-8FE4-4865-A9EB-33FC807A104E}.Debug|Any CPU.Build.0 = Debug|Any CPU
		{E8A80126-8FE4-4865-A9EB-33FC807A104E}.Debug|Any CPU.Deploy.0 = Debug|Any CPU
		{E8A80126-8FE4-4865-A9EB-33FC807A104E}.Debug|iPhone.ActiveCfg = Debug|Any CPU
		{E8A80126-8FE4-4865-A9EB-33FC807A104E}.Debug|iPhone.Build.0 = Debug|Any CPU
		{E8A80126-8FE4-4865-A9EB-33FC807A104E}.Debug|iPhone.Deploy.0 = Debug|Any CPU
		{E8A80126-8FE4-4865-A9EB-33FC807A104E}.Debug|iPhoneSimulator.ActiveCfg = Debug|Any CPU
		{E8A80126-8FE4-4865-A9EB-33FC807A104E}.Debug|iPhoneSimulator.Build.0 = Debug|Any CPU
		{E8A80126-8FE4-4865-A9EB-33FC807A104E}.Debug|iPhoneSimulator.Deploy.0 = Debug|Any CPU
		{E8A80126-8FE4-4865-A9EB-33FC807A104E}.Release|Any CPU.ActiveCfg = Release|Any CPU
		{E8A80126-8FE4-4865-A9EB-33FC807A104E}.Release|Any CPU.Build.0 = Release|Any CPU
		{E8A80126-8FE4-4865-A9EB-33FC807A104E}.Release|Any CPU.Deploy.0 = Release|Any CPU
		{E8A80126-8FE4-4865-A9EB-33FC807A104E}.Release|iPhone.ActiveCfg = Release|Any CPU
		{E8A80126-8FE4-4865-A9EB-33FC807A104E}.Release|iPhone.Build.0 = Release|Any CPU
		{E8A80126-8FE4-4865-A9EB-33FC807A104E}.Release|iPhone.Deploy.0 = Release|Any CPU
		{E8A80126-8FE4-4865-A9EB-33FC807A104E}.Release|iPhoneSimulator.ActiveCfg = Release|Any CPU
		{E8A80126-8FE4-4865-A9EB-33FC807A104E}.Release|iPhoneSimulator.Build.0 = Release|Any CPU
		{E8A80126-8FE4-4865-A9EB-33FC807A104E}.Release|iPhoneSimulator.Deploy.0 = Release|Any CPU
	EndGlobalSection
	GlobalSection(SolutionProperties) = preSolution
		HideSolutionNode = FALSE
	EndGlobalSection
	GlobalSection(ExtensibilityGlobals) = postSolution
		SolutionGuid = {F1543597-1E4A-4292-84F8-7D996357C1D0}
	EndGlobalSection
EndGlobal
